<?xml version="1.0" encoding="utf-8"?>
<Project ToolsVersion="4.0" xmlns="http://schemas.microsoft.com/developer/msbuild/2003">
  <ItemGroup>
    <Filter Include="Source Files">
      <UniqueIdentifier>{4FC737F1-C7A5-4376-A066-2A32D752A2FF}</UniqueIdentifier>
      <Extensions>cpp;c;cc;cxx;def;odl;idl;hpj;bat;asm;asmx</Extensions>
    </Filter>
    <Filter Include="Header Files">
      <UniqueIdentifier>{93995380-89BD-4b04-88EB-625FBE52EBFB}</UniqueIdentifier>
      <Extensions>h;hh;hpp;hxx;hm;inl;inc;xsd</Extensions>
    </Filter>
    <Filter Include="Resource Files">
      <UniqueIdentifier>{67DA6AB6-F800-4c08-8B7A-83BB121AAD01}</UniqueIdentifier>
      <Extensions>rc;ico;cur;bmp;dlg;rc2;rct;bin;rgs;gif;jpg;jpeg;jpe;resx;tiff;tif;png;wav</Extensions>
    </Filter>
  </ItemGroup>
  <ItemGroup>
    <ClCompile Include="FingerprintManager.cpp">
      <Filter>Source Files</Filter>
    </ClCompile>
    <ClCompile Include="FirefoxAddonUpdater.cpp">
      <Filter>Source Files</Filter>
    </ClCompile>
    <ClCompile Include="FirefoxUpdater.cpp">
      <Filter>Source Files</Filter>
    </ClCompile>
    <ClCompile Include="HTTPSBridge.cpp">
      <Filter>Source Files</Filter>
    </ClCompile>
    <ClCompile Include="Logger.cpp">
      <Filter>Source Files</Filter>
    </ClCompile>
    <ClCompile Include="SSLBridge.cpp">
      <Filter>Source Files</Filter>
    </ClCompile>
    <ClCompile Include="SSLConnectionManager.cpp">
      <Filter>Source Files</Filter>
    </ClCompile>
    <ClCompile Include="SessionCache.cpp">
      <Filter>Source Files</Filter>
    </ClCompile>
    <ClCompile Include="UpdateManager.cpp">
      <Filter>Source Files</Filter>
    </ClCompile>
    <ClCompile Include="sslsniff.cpp">
      <Filter>Source Files</Filter>
    </ClCompile>
    <ClCompile Include="certificate\AuthorityCertificateManager.cpp">
      <Filter>Source Files</Filter>
    </ClCompile>
    <ClCompile Include="certificate\CertificateManager.cpp">
      <Filter>Source Files</Filter>
    </ClCompile>
    <ClCompile Include="certificate\TargetedCertificateManager.cpp">
      <Filter>Source Files</Filter>
    </ClCompile>
    <ClCompile Include="certificate\CertList.cpp">
      <Filter>Source Files</Filter>
    </ClCompile>
    <ClCompile Include="http\HttpBridge.cpp">
      <Filter>Source Files</Filter>
    </ClCompile>
    <ClCompile Include="http\HttpConnectionManager.cpp">
      <Filter>Source Files</Filter>
    </ClCompile>
    <ClCompile Include="http\HttpHeaders.cpp">
      <Filter>Source Files</Filter>
    </ClCompile>
    <ClCompile Include="http\OCSPDenier.cpp">
      <Filter>Source Files</Filter>
    </ClCompile>
    <ClCompile Include="util\Destination.cpp">
      <Filter>Source Files</Filter>
    </ClCompile>
    <ClCompile Include="util\sys_utils.c">
      <Filter>Source Files</Filter>
    </ClCompile>
    <ClCompile Include="util\dump_socket.cpp">
      <Filter>Source Files</Filter>
    </ClCompile>
    <ClCompile Include="util\packet_check.c">
      <Filter>Source Files</Filter>
    </ClCompile>
    <ClCompile Include="http\ftrie.c">
      <Filter>Source Files</Filter>
    </ClCompile>
    <ClCompile Include="http\http_template.c">
      <Filter>Source Files</Filter>
    </ClCompile>
    <ClCompile Include="http\list_entry.c">
      <Filter>Source Files</Filter>
    </ClCompile>
    <ClCompile Include="http\lstring.c">
      <Filter>Source Files</Filter>
    </ClCompile>
    <ClCompile Include="http\mango.c">
      <Filter>Source Files</Filter>
    </ClCompile>
    <ClCompile Include="util\json_helper.cpp">
      <Filter>Source Files</Filter>
    </ClCompile>
    <ClCompile Include="util\yara_utils.cpp">
      <Filter>Source Files</Filter>
    </ClCompile>
    <ClCompile Include="global.cpp">
      <Filter>Source Files</Filter>
    </ClCompile>
  </ItemGroup>
  <ItemGroup>
    <ClInclude Include="Bridge.hpp">
      <Filter>Header Files</Filter>
    </ClInclude>
    <ClInclude Include="FingerprintManager.hpp">
      <Filter>Header Files</Filter>
    </ClInclude>
    <ClInclude Include="FirefoxAddonUpdater.hpp">
      <Filter>Header Files</Filter>
    </ClInclude>
    <ClInclude Include="FirefoxUpdater.hpp">
      <Filter>Header Files</Filter>
    </ClInclude>
    <ClInclude Include="HTTPSBridge.hpp">
      <Filter>Header Files</Filter>
    </ClInclude>
    <ClInclude Include="Logger.hpp">
      <Filter>Header Files</Filter>
    </ClInclude>
    <ClInclude Include="RawBridge.hpp">
      <Filter>Header Files</Filter>
    </ClInclude>
    <ClInclude Include="SSLBridge.hpp">
      <Filter>Header Files</Filter>
    </ClInclude>
    <ClInclude Include="SSLConnectionManager.hpp">
      <Filter>Header Files</Filter>
    </ClInclude>
    <ClInclude Include="SessionCache.hpp">
      <Filter>Header Files</Filter>
    </ClInclude>
    <ClInclude Include="UpdateManager.hpp">
      <Filter>Header Files</Filter>
    </ClInclude>
    <ClInclude Include="sslsniff.hpp">
      <Filter>Header Files</Filter>
    </ClInclude>
    <ClInclude Include="certificate\CertList.h">
      <Filter>Header Files</Filter>
    </ClInclude>
    <ClInclude Include="certificate\AuthorityCertificateManager.hpp">
      <Filter>Header Files</Filter>
    </ClInclude>
    <ClInclude Include="certificate\Certificate.hpp">
      <Filter>Header Files</Filter>
    </ClInclude>
    <ClInclude Include="certificate\CertificateManager.hpp">
      <Filter>Header Files</Filter>
    </ClInclude>
    <ClInclude Include="certificate\TargetedCertificateManager.hpp">
      <Filter>Header Files</Filter>
    </ClInclude>
    <ClInclude Include="http\HttpBridge.hpp">
      <Filter>Header Files</Filter>
    </ClInclude>
    <ClInclude Include="http\HttpConnectionManager.hpp">
      <Filter>Header Files</Filter>
    </ClInclude>
    <ClInclude Include="http\HttpHeaders.hpp">
      <Filter>Header Files</Filter>
    </ClInclude>
    <ClInclude Include="http\OCSPDenier.hpp">
      <Filter>Header Files</Filter>
    </ClInclude>
    <ClInclude Include="util\Destination.hpp">
      <Filter>Header Files</Filter>
    </ClInclude>
    <ClInclude Include="util\Util.hpp">
      <Filter>Header Files</Filter>
    </ClInclude>
    <ClInclude Include="util\sys_utils.h">
      <Filter>Header Files</Filter>
    </ClInclude>
    <ClInclude Include="util\dump_socket.h">
      <Filter>Header Files</Filter>
    </ClInclude>
    <ClInclude Include="util\packet_check.h">
      <Filter>Header Files</Filter>
    </ClInclude>
    <ClInclude Include="util\packet_headers.h">
      <Filter>Header Files</Filter>
    </ClInclude>
    <ClInclude Include="http\http_template.h">
      <Filter>Header Files</Filter>
    </ClInclude>
    <ClInclude Include="http\list_tmpl.h">
      <Filter>Header Files</Filter>
    </ClInclude>
    <ClInclude Include="http\lstring.h">
      <Filter>Header Files</Filter>
    </ClInclude>
    <ClInclude Include="http\mango.h">
      <Filter>Header Files</Filter>
    </ClInclude>
    <ClInclude Include="http\ftrie.h">
      <Filter>Header Files</Filter>
    </ClInclude>
    <ClInclude Include="http\common_utils.h">
      <Filter>Header Files</Filter>
    </ClInclude>
    <ClInclude Include="util\json_helper.h">
      <Filter>Header Files</Filter>
    </ClInclude>
    <ClInclude Include="util\yara_utils.h">
      <Filter>Header Files</Filter>
    </ClInclude>
    <ClInclude Include="global.h">
      <Filter>Header Files</Filter>
    </ClInclude>
  </ItemGroup>
</Project>